# THIS IS AN AUTOGENERATED FILE. DO NOT EDIT THIS FILE DIRECTLY.
# yarn lockfile v1


"@higoralves/eslint-config@^0.2.1":
  version "0.2.1"
  resolved "https://registry.yarnpkg.com/@higoralves/eslint-config/-/eslint-config-0.2.1.tgz#1ead07c1536d4b66edef6d2b601ed9ca244825f8"
  integrity sha512-JnGjEi0WM7MvgU+ql/JVDfSTqYtBgcS9PHhSWOIXn9SVCq53Ylouc24UJRTN3YMzdx5lLi0v1Qluik+C7xoV0w==
